{
    "_readme": [
        "This file locks the dependencies of your project to a known state",
        "Read more about it at https://getcomposer.org/doc/01-basic-usage.md#installing-dependencies",
        "This file is @generated automatically"
    ],
    "content-hash": "e56c01777e096fdebbe2272e8d176243",
    "packages": [
        {
            "name": "components/jquery",
            "version": "v3.7.1",
            "source": {
                "type": "git",
                "url": "https://github.com/components/jquery.git",
                "reference": "8edc7785239bb8c2ad2b83302b856a1d61de60e7"
            },
            "dist": {
                "type": "zip",
                "url": "https://api.github.com/repos/components/jquery/zipball/8edc7785239bb8c2ad2b83302b856a1d61de60e7",
                "reference": "8edc7785239bb8c2ad2b83302b856a1d61de60e7",
                "shasum": ""
            },
            "type": "component",
            "extra": {
                "component": {
                    "scripts": [
                        "jquery.js"
                    ],
                    "files": [
                        "jquery.min.js",
                        "jquery.min.map",
                        "jquery.slim.js",
                        "jquery.slim.min.js",
                        "jquery.slim.min.map"
                    ]
                }
            },
            "notification-url": "https://packagist.org/downloads/",
            "license": [
                "MIT"
            ],
            "authors": [
                {
                    "name": "JS Foundation and other contributors"
                }
            ],
            "description": "jQuery JavaScript Library",
            "homepage": "http://jquery.com",
            "support": {
                "forum": "http://forum.jquery.com",
                "irc": "irc://irc.freenode.org/jquery",
                "issues": "https://github.com/jquery/jquery/issues",
                "source": "https://github.com/jquery/jquery",
                "wiki": "http://docs.jquery.com/"
            },
            "time": "2023-09-22T01:43:46+00:00"
        },
        {
            "name": "components/jqueryui",
            "version": "1.12.1",
            "source": {
                "type": "git",
                "url": "https://github.com/components/jqueryui.git",
                "reference": "44ecf3794cc56b65954cc19737234a3119d036cc"
            },
            "dist": {
                "type": "zip",
                "url": "https://api.github.com/repos/components/jqueryui/zipball/44ecf3794cc56b65954cc19737234a3119d036cc",
                "reference": "44ecf3794cc56b65954cc19737234a3119d036cc",
                "shasum": ""
            },
            "require": {
                "components/jquery": ">=1.6"
            },
            "type": "component",
            "extra": {
                "component": {
                    "name": "jquery-ui",
                    "scripts": [
                        "jquery-ui.js"
                    ],
                    "files": [
                        "ui/**",
                        "themes/**",
                        "jquery-ui.min.js"
                    ],
                    "shim": {
                        "deps": [
                            "jquery"
                        ],
                        "exports": "jQuery"
                    }
                }
            },
            "notification-url": "https://packagist.org/downloads/",
            "license": [
                "MIT"
            ],
            "authors": [
                {
                    "name": "jQuery UI Team",
                    "homepage": "http://jqueryui.com/about"
                },
                {
                    "name": "Joern Zaefferer",
                    "email": "joern.zaefferer@gmail.com",
                    "homepage": "http://bassistance.de"
                },
                {
                    "name": "Scott Gonzalez",
                    "email": "scott.gonzalez@gmail.com",
                    "homepage": "http://scottgonzalez.com"
                },
                {
                    "name": "Kris Borchers",
                    "email": "kris.borchers@gmail.com",
                    "homepage": "http://krisborchers.com"
                },
                {
                    "name": "Mike Sherov",
                    "email": "mike.sherov@gmail.com",
                    "homepage": "http://mike.sherov.com"
                },
                {
                    "name": "TJ VanToll",
                    "email": "tj.vantoll@gmail.com",
                    "homepage": "http://tjvantoll.com"
                },
                {
                    "name": "Corey Frang",
                    "email": "gnarf37@gmail.com",
                    "homepage": "http://gnarf.net"
                },
                {
                    "name": "Felix Nagel",
                    "email": "info@felixnagel.com",
                    "homepage": "http://www.felixnagel.com"
                }
            ],
            "description": "jQuery UI is a curated set of user interface interactions, effects, widgets, and themes built on top of the jQuery JavaScript Library. Whether you're building highly interactive web applications or you just need to add a date picker to a form control, jQuery UI is the perfect choice.",
            "support": {
                "issues": "https://github.com/components/jqueryui/issues",
                "source": "https://github.com/components/jqueryui/tree/master"
            },
            "time": "2016-09-16T05:47:55+00:00"
        },
        {
            "name": "primakurzy/responsivefilemanager",
            "version": "v3.0",
            "source": {
                "type": "git",
                "url": "https://github.com/PrimaKurzy-cz/responsivefilemanager.git",
                "reference": "74f6c66bd75e2738d81e2c18ffcbb140fcdaa364"
            },
            "dist": {
                "type": "zip",
                "url": "https://api.github.com/repos/PrimaKurzy-cz/responsivefilemanager/zipball/74f6c66bd75e2738d81e2c18ffcbb140fcdaa364",
                "reference": "74f6c66bd75e2738d81e2c18ffcbb140fcdaa364",
                "shasum": ""
            },
            "type": "library",
            "notification-url": "https://packagist.org/downloads/",
            "license": [
                "MIT"
            ],
            "authors": [
                {
                    "name": "Josef Kyrian / PrimaKurzy.cz",
                    "email": "josef.kyrian@primakurzy.cz"
                }
            ],
            "description": "Responsive FileManager for TinyMCE and CKEditor (For Educational Purposes Only)",
            "support": {
                "issues": "https://github.com/PrimaKurzy-cz/responsivefilemanager/issues",
                "source": "https://github.com/PrimaKurzy-cz/responsivefilemanager/tree/v3.0"
            },
            "time": "2024-03-07T08:01:33+00:00"
        },
        {
            "name": "tinymce/tinymce",
            "version": "7.1.1",
            "source": {
                "type": "git",
                "url": "https://github.com/tinymce/tinymce-dist.git",
                "reference": "f671e05aca24ac73298ae4922b34607b634d59f4"
            },
            "dist": {
                "type": "zip",
                "url": "https://api.github.com/repos/tinymce/tinymce-dist/zipball/f671e05aca24ac73298ae4922b34607b634d59f4",
                "reference": "f671e05aca24ac73298ae4922b34607b634d59f4",
                "shasum": ""
            },
            "type": "component",
            "extra": {
                "component": {
                    "scripts": [
                        "tinymce.js",
                        "plugins/*/plugin.js",
                        "themes/*/theme.js",
                        "models/*/model.js",
                        "icons/*/icons.js"
                    ],
                    "files": [
                        "tinymce.min.js",
                        "plugins/*/plugin.min.js",
                        "themes/*/theme.min.js",
                        "models/*/model.min.js",
                        "skins/**",
                        "icons/*/icons.min.js"
                    ]
                }
            },
            "notification-url": "https://packagist.org/downloads/",
            "license": [
                "GPL-2.0-or-later"
            ],
            "description": "Web based JavaScript HTML WYSIWYG editor control.",
            "homepage": "https://www.tiny.cloud/",
            "keywords": [
                "contenteditable",
                "editing",
                "html",
                "javascript",
                "rich editor",
                "rich text",
                "rich text editor",
                "richtext",
                "rte",
                "text",
                "tinymce",
                "wysiwyg"
            ],
            "support": {
                "source": "https://github.com/tinymce/tinymce-dist/tree/7.1.1"
            },
            "time": "2024-05-22T08:18:50+00:00"
        }
    ],
    "packages-dev": [],
    "aliases": [],
    "minimum-stability": "stable",
    "stability-flags": [],
    "prefer-stable": false,
    "prefer-lowest": false,
    "platform": [],
    "platform-dev": [],
    "plugin-api-version": "2.6.0"
}
